
Microsoft Visual Studio Solution File, Format Version 12.00
# Visual Studio Version 17
VisualStudioVersion = 17.13.35931.197
MinimumVisualStudioVersion = 10.0.40219.1
Project("{FAE04EC0-301F-11D3-BF4B-00C04F79EFBC}") = "ControllsDemo", "ControllsDemo\ControllsDemo.csproj", "{D2EA274B-3153-4F57-B865-287653FA8113}"
EndProject
Global
	GlobalSection(SolutionConfigurationPlatforms) = preSolution
		Debug|Any CPU = Debug|Any CPU
		Release|Any CPU = Release|Any CPU
	EndGlobalSection
	GlobalSection(ProjectConfigurationPlatforms) = postSolution
		{D2EA274B-3153-4F57-B865-287653FA8113}.Debug|Any CPU.ActiveCfg = Debug|Any CPU
		{D2EA274B-3153-4F57-B865-287653FA8113}.Debug|Any CPU.Build.0 = Debug|Any CPU
		{D2EA274B-3153-4F57-B865-287653FA8113}.Debug|Any CPU.Deploy.0 = Debug|Any CPU
		{D2EA274B-3153-4F57-B865-287653FA8113}.Release|Any CPU.ActiveCfg = Release|Any CPU
		{D2EA274B-3153-4F57-B865-287653FA8113}.Release|Any CPU.Build.0 = Release|Any CPU
	EndGlobalSection
	GlobalSection(SolutionProperties) = preSolution
		HideSolutionNode = FALSE
	EndGlobalSection
	GlobalSection(ExtensibilityGlobals) = postSolution
		SolutionGuid = {1B9ADEF0-24BA-4442-BACE-5313A99F2C83}
	EndGlobalSection
EndGlobal
